
Microsoft Visual Studio Solution File, Format Version 12.00
Project("{FAE04EC0-301F-11D3-BF4B-00C04F79EFBC}") = "WebApplication1", "WebApplication1\WebApplication1.csproj", "{F12AA009-4CF7-4E7E-94A6-EFFBD4674C6A}"
EndProject
Global
	GlobalSection(SolutionConfigurationPlatforms) = preSolution
		Debug|Any CPU = Debug|Any CPU
		Release|Any CPU = Release|Any CPU
	EndGlobalSection
	GlobalSection(ProjectConfigurationPlatforms) = postSolution
		{F12AA009-4CF7-4E7E-94A6-EFFBD4674C6A}.Debug|Any CPU.ActiveCfg = Debug|Any CPU
		{F12AA009-4CF7-4E7E-94A6-EFFBD4674C6A}.Debug|Any CPU.Build.0 = Debug|Any CPU
		{F12AA009-4CF7-4E7E-94A6-EFFBD4674C6A}.Release|Any CPU.ActiveCfg = Release|Any CPU
		{F12AA009-4CF7-4E7E-94A6-EFFBD4674C6A}.Release|Any CPU.Build.0 = Release|Any CPU
	EndGlobalSection
EndGlobal
